{
  "name": "ast_project_2017",
  "version": "0.0.1",
  "lockfileVersion": 1,
  "requires": true,
  "dependencies": {
    "coffee-script": {
      "version": "1.12.7",
      "resolved": "https://registry.npmjs.org/coffee-script/-/coffee-script-1.12.7.tgz",
      "integrity": "sha512-fLeEhqwymYat/MpTPUjSKHVYYl0ec2mOyALEMLmzr5i1isuG+6jfI2j2d5oBO3VIzgUXgBVIcOT9uH1TFxBckw=="
    },
    "duplexer": {
      "version": "0.0.4",
      "resolved": "https://registry.npmjs.org/duplexer/-/duplexer-0.0.4.tgz",
      "integrity": "sha1-r8t/H4uNdPggcmFx1dZKyeSo/yA="
    },
    "event-stream": {
      "version": "3.0.16",
      "resolved": "https://registry.npmjs.org/event-stream/-/event-stream-3.0.16.tgz",
      "integrity": "sha1-NSNFjrHYJ/rGrianVj266cDppDs=",
      "requires": {
        "duplexer": "0.0.4",
        "from": "0.1.7",
        "map-stream": "0.0.2",
        "pause-stream": "0.0.10",
        "split": "0.2.10",
        "stream-combiner": "0.0.0",
        "through": "2.3.8"
      }
    },
    "from": {
      "version": "0.1.7",
      "resolved": "https://registry.npmjs.org/from/-/from-0.1.7.tgz",
      "integrity": "sha1-g8YK/Fi5xWmXAH7Rp2izqzA6RP4="
    },
    "gaze": {
      "version": "0.4.2",
      "resolved": "https://registry.npmjs.org/gaze/-/gaze-0.4.2.tgz",
      "integrity": "sha1-rFl9m14sr8RZ9mlSljR8osSolQo=",
      "requires": {
        "globule": "0.1.0"
      }
    },
    "glob": {
      "version": "3.1.21",
      "resolved": "https://registry.npmjs.org/glob/-/glob-3.1.21.tgz",
      "integrity": "sha1-0p4KBV3qUTj00H7UDomC6DwgZs0=",
      "requires": {
        "graceful-fs": "1.2.3",
        "inherits": "1.0.2",
        "minimatch": "0.2.14"
      }
    },
    "glob-stream": {
      "version": "0.0.3",
      "resolved": "https://registry.npmjs.org/glob-stream/-/glob-stream-0.0.3.tgz",
      "integrity": "sha1-AiYRCBJF33JIhHFondORSzrAG9I=",
      "requires": {
        "coffee-script": "1.12.7",
        "event-stream": "3.0.16",
        "glob": "3.1.21"
      }
    },
    "globule": {
      "version": "0.1.0",
      "resolved": "https://registry.npmjs.org/globule/-/globule-0.1.0.tgz",
      "integrity": "sha1-2cjt3h2nnRJaFRt5UzuXhnY0auU=",
      "requires": {
        "glob": "3.1.21",
        "lodash": "1.0.2",
        "minimatch": "0.2.14"
      }
    },
    "graceful-fs": {
      "version": "1.2.3",
      "resolved": "https://registry.npmjs.org/graceful-fs/-/graceful-fs-1.2.3.tgz",
      "integrity": "sha1-FaSAaldUfLLS2/J/QuiajDRRs2Q="
    },
    "gulp": {
      "version": "1.0.0",
      "resolved": "https://registry.npmjs.org/gulp/-/gulp-1.0.0.tgz",
      "integrity": "sha1-QCSAxsvcWqVpMhMHU6gSsP1KKVc=",
      "requires": {
        "event-stream": "3.0.16",
        "gaze": "0.4.2",
        "glob-stream": "0.0.3",
        "gulp-util": "1.0.0",
        "mkdirp": "0.3.5",
        "optimist": "0.6.0"
      }
    },
    "gulp-util": {
      "version": "1.0.0",
      "resolved": "https://registry.npmjs.org/gulp-util/-/gulp-util-1.0.0.tgz",
      "integrity": "sha1-HZj1YT5i27cUIm5V6pH+leP4gCI="
    },
    "inherits": {
      "version": "1.0.2",
      "resolved": "https://registry.npmjs.org/inherits/-/inherits-1.0.2.tgz",
      "integrity": "sha1-ykMJ2t7mtUzAuNJH6NfHoJdb3Js="
    },
    "lodash": {
      "version": "1.0.2",
      "resolved": "https://registry.npmjs.org/lodash/-/lodash-1.0.2.tgz",
      "integrity": "sha1-j1dWDIO1n8JwvT1WG2kAQ0MOJVE="
    },
    "lru-cache": {
      "version": "2.7.3",
      "resolved": "https://registry.npmjs.org/lru-cache/-/lru-cache-2.7.3.tgz",
      "integrity": "sha1-bUUk6LlV+V1PW1iFHOId1y+06VI="
    },
    "map-stream": {
      "version": "0.0.2",
      "resolved": "https://registry.npmjs.org/map-stream/-/map-stream-0.0.2.tgz",
      "integrity": "sha1-L7jUBjzFjuxpU7+rGy9EJx0ch2U="
    },
    "minimatch": {
      "version": "0.2.14",
      "resolved": "https://registry.npmjs.org/minimatch/-/minimatch-0.2.14.tgz",
      "integrity": "sha1-x054BXT2PG+aCQ6Q775u9TpqdWo=",
      "requires": {
        "lru-cache": "2.7.3",
        "sigmund": "1.0.1"
      }
    },
    "minimist": {
      "version": "0.0.10",
      "resolved": "https://registry.npmjs.org/minimist/-/minimist-0.0.10.tgz",
      "integrity": "sha1-3j+YVD2/lggr5IrRoMfNqDYwHc8="
    },
    "mkdirp": {
      "version": "0.3.5",
      "resolved": "https://registry.npmjs.org/mkdirp/-/mkdirp-0.3.5.tgz",
      "integrity": "sha1-3j5fiWHIjHh+4TaN+EmsRBPsqNc="
    },
    "optimist": {
      "version": "0.6.0",
      "resolved": "https://registry.npmjs.org/optimist/-/optimist-0.6.0.tgz",
      "integrity": "sha1-aUJIJvNAX3nxQub8PZrljU27kgA=",
      "requires": {
        "minimist": "0.0.10",
        "wordwrap": "0.0.3"
      }
    },
    "pause-stream": {
      "version": "0.0.10",
      "resolved": "https://registry.npmjs.org/pause-stream/-/pause-stream-0.0.10.tgz",
      "integrity": "sha1-5xbVwWiRndvdTdoopYnNSwpdWiA=",
      "requires": {
        "through": "2.3.8"
      }
    },
    "sigmund": {
      "version": "1.0.1",
      "resolved": "https://registry.npmjs.org/sigmund/-/sigmund-1.0.1.tgz",
      "integrity": "sha1-P/IfGYytIXX587eBhT/ZTQ0ZtZA="
    },
    "split": {
      "version": "0.2.10",
      "resolved": "https://registry.npmjs.org/split/-/split-0.2.10.tgz",
      "integrity": "sha1-Zwl8YB1pfOE2j0GPBs0gHPBSGlc=",
      "requires": {
        "through": "2.3.8"
      }
    },
    "stream-combiner": {
      "version": "0.0.0",
      "resolved": "https://registry.npmjs.org/stream-combiner/-/stream-combiner-0.0.0.tgz",
      "integrity": "sha1-JQ7ELCi7HNpiUPUz5OQbI1WHFiw=",
      "requires": {
        "duplexer": "0.0.2"
      },
      "dependencies": {
        "duplexer": {
          "version": "0.0.2",
          "resolved": "https://registry.npmjs.org/duplexer/-/duplexer-0.0.2.tgz",
          "integrity": "sha1-J39cfd3E+sGhcMoGGwmM8z1dMz8="
        }
      }
    },
    "through": {
      "version": "2.3.8",
      "resolved": "https://registry.npmjs.org/through/-/through-2.3.8.tgz",
      "integrity": "sha1-DdTJ/6q8NXlgsbckEV1+Doai4fU="
    },
    "wordwrap": {
      "version": "0.0.3",
      "resolved": "https://registry.npmjs.org/wordwrap/-/wordwrap-0.0.3.tgz",
      "integrity": "sha1-o9XabNXAvAAI03I0u68b7WMFkQc="
    }
  }
}
